{
  "name": "sample-templates",
  "lockfileVersion": 3,
  "requires": true,
  "packages": {
    "": {
      "dependencies": {
        "@caleuche/cli": "^0.4.1"
      }
    },
    "node_modules/@caleuche/cli": {
      "version": "0.4.1",
      "resolved": "https://registry.npmjs.org/@caleuche/cli/-/cli-0.4.1.tgz",
      "integrity": "sha512-Sj4/wxvyHUmg38XM8QsJGSw430L+aExVHUTv4d7P0W5P7uECUF+umyDGgGoTEQWt2CtUryXd9aOkRGL4Yn3sog==",
      "license": "MIT",
      "dependencies": {
        "@caleuche/core": "^0.3.0",
        "commander": "^14.0.0",
        "yaml": "^2.8.0"
      },
      "bin": {
        "che": "dist/index.js"
      }
    },
    "node_modules/@caleuche/core": {
      "version": "0.3.0",
      "resolved": "https://registry.npmjs.org/@caleuche/core/-/core-0.3.0.tgz",
      "integrity": "sha512-y6dhGUWo+q1eoi2iTrJmLv+hXV1hvEEXyg9DzgRmqzzcycspBIcJ9KtCsLXgH0INOCwj13WcOx+RTqip9l018A==",
      "license": "MIT",
      "dependencies": {
        "lodash": "^4.17.21",
        "tslib": "^2.8.1"
      }
    },
    "node_modules/commander": {
      "version": "14.0.1",
      "resolved": "https://registry.npmjs.org/commander/-/commander-14.0.1.tgz",
      "integrity": "sha512-2JkV3gUZUVrbNA+1sjBOYLsMZ5cEEl8GTFP2a4AVz5hvasAMCQ1D2l2le/cX+pV4N6ZU17zjUahLpIXRrnWL8A==",
      "license": "MIT",
      "engines": {
        "node": ">=20"
      }
    },
    "node_modules/lodash": {
      "version": "4.17.21",
      "resolved": "https://registry.npmjs.org/lodash/-/lodash-4.17.21.tgz",
      "integrity": "sha512-v2kDEe57lecTulaDIuNTPy3Ry4gLGJ6Z1O3vE1krgXZNrsQ+LFTGHVxVjcXPs17LhbZVGedAJv8XZ1tvj5FvSg==",
      "license": "MIT"
    },
    "node_modules/tslib": {
      "version": "2.8.1",
      "resolved": "https://registry.npmjs.org/tslib/-/tslib-2.8.1.tgz",
      "integrity": "sha512-oJFu94HQb+KVduSUQL7wnpmqnfmLsOA/nAh6b6EH0wCEoK0/mPeXU6c3wKDV83MkOuHPRHtSXKKU99IBazS/2w==",
      "license": "0BSD"
    },
    "node_modules/yaml": {
      "version": "2.8.1",
      "resolved": "https://registry.npmjs.org/yaml/-/yaml-2.8.1.tgz",
      "integrity": "sha512-lcYcMxX2PO9XMGvAJkJ3OsNMw+/7FKes7/hgerGUYWIoWu5j/+YQqcZr5JnPZWzOsEBgMbSbiSTn/dv/69Mkpw==",
      "license": "ISC",
      "bin": {
        "yaml": "bin.mjs"
      },
      "engines": {
        "node": ">= 14.6"
      }
    }
  }
}
